{
  "name": "100_SCRIPTS",
  "version": "1.0.0",
  "lockfileVersion": 1,
  "requires": true,
  "dependencies": {
    "buffer-writer": {
      "version": "2.0.0",
      "resolved": "https://pkgs.dev.azure.com/AzureDevOps-BNE/_packaging/BNE/npm/registry/buffer-writer/-/buffer-writer-2.0.0.tgz",
      "integrity": "sha1-zn64Gjj3gp2wnIc/L7t5LAyY7AQ="
    },
    "colorette": {
      "version": "2.0.19",
      "resolved": "https://pkgs.dev.azure.com/AzureDevOps-BNE/_packaging/BNE/npm/registry/colorette/-/colorette-2.0.19.tgz",
      "integrity": "sha1-zfBE9HrUGg9LVrOg1bTm4aLVp5g="
    },
    "commander": {
      "version": "10.0.1",
      "resolved": "https://pkgs.dev.azure.com/AzureDevOps-BNE/_packaging/BNE/npm/registry/commander/-/commander-10.0.1.tgz",
      "integrity": "sha1-iB7ka0930cHczFgjQzqjmwIsvgY="
    },
    "csv-parser": {
      "version": "3.0.0",
      "resolved": "https://pkgs.dev.azure.com/AzureDevOps-BNE/_packaging/BNE/npm/registry/csv-parser/-/csv-parser-3.0.0.tgz",
      "integrity": "sha1-uIpiVteeCQqXobVkUfkyewHXEOc=",
      "requires": {
        "minimist": "^1.2.0"
      }
    },
    "debug": {
      "version": "4.3.4",
      "resolved": "https://pkgs.dev.azure.com/AzureDevOps-BNE/_packaging/BNE/npm/registry/debug/-/debug-4.3.4.tgz",
      "integrity": "sha1-Exn2V5NX8jONMzfSzdSRS7XcyGU=",
      "requires": {
        "ms": "2.1.2"
      }
    },
    "escalade": {
      "version": "3.1.1",
      "resolved": "https://pkgs.dev.azure.com/AzureDevOps-BNE/_packaging/BNE/npm/registry/escalade/-/escalade-3.1.1.tgz",
      "integrity": "sha1-2M/ccACWXFoBdLSoLqpcBVJ0LkA="
    },
    "esm": {
      "version": "3.2.25",
      "resolved": "https://pkgs.dev.azure.com/AzureDevOps-BNE/_packaging/BNE/npm/registry/esm/-/esm-3.2.25.tgz",
      "integrity": "sha1-NCwYwp1WFXaIulzjH4Qx+7eVzBA="
    },
    "function-bind": {
      "version": "1.1.1",
      "resolved": "https://pkgs.dev.azure.com/AzureDevOps-BNE/_packaging/BNE/npm/registry/function-bind/-/function-bind-1.1.1.tgz",
      "integrity": "sha1-pWiZ0+o8m6uHS7l3O3xe3pL0iV0="
    },
    "get-package-type": {
      "version": "0.1.0",
      "resolved": "https://pkgs.dev.azure.com/AzureDevOps-BNE/_packaging/BNE/npm/registry/get-package-type/-/get-package-type-0.1.0.tgz",
      "integrity": "sha1-jeLYA8/0TfO8bEVuZmizbDkm4Ro="
    },
    "getopts": {
      "version": "2.3.0",
      "resolved": "https://pkgs.dev.azure.com/AzureDevOps-BNE/_packaging/BNE/npm/registry/getopts/-/getopts-2.3.0.tgz",
      "integrity": "sha1-ceVZMoSAfgPiQnRJ1PZxKiaGZvQ="
    },
    "has": {
      "version": "1.0.3",
      "resolved": "https://pkgs.dev.azure.com/AzureDevOps-BNE/_packaging/BNE/npm/registry/has/-/has-1.0.3.tgz",
      "integrity": "sha1-ci18v8H2qoJB8W3YFOAR4fQeh5Y=",
      "requires": {
        "function-bind": "^1.1.1"
      }
    },
    "interpret": {
      "version": "2.2.0",
      "resolved": "https://pkgs.dev.azure.com/AzureDevOps-BNE/_packaging/BNE/npm/registry/interpret/-/interpret-2.2.0.tgz",
      "integrity": "sha1-GnigtZZcQKVBbQB61vUK0nxBffk="
    },
    "is-core-module": {
      "version": "2.12.1",
      "resolved": "https://pkgs.dev.azure.com/AzureDevOps-BNE/_packaging/BNE/npm/registry/is-core-module/-/is-core-module-2.12.1.tgz",
      "integrity": "sha1-DAtohbb4ABHHFUHOFcjWbPWk+f0=",
      "requires": {
        "has": "^1.0.3"
      }
    },
    "knex": {
      "version": "2.5.1",
      "resolved": "https://pkgs.dev.azure.com/AzureDevOps-BNE/_packaging/BNE/npm/registry/knex/-/knex-2.5.1.tgz",
      "integrity": "sha1-psa0SYZs9CKfBwwXQR8jhxulLvk=",
      "requires": {
        "colorette": "2.0.19",
        "commander": "^10.0.0",
        "debug": "4.3.4",
        "escalade": "^3.1.1",
        "esm": "^3.2.25",
        "get-package-type": "^0.1.0",
        "getopts": "2.3.0",
        "interpret": "^2.2.0",
        "lodash": "^4.17.21",
        "pg-connection-string": "2.6.1",
        "rechoir": "^0.8.0",
        "resolve-from": "^5.0.0",
        "tarn": "^3.0.2",
        "tildify": "2.0.0"
      }
    },
    "lodash": {
      "version": "4.17.21",
      "resolved": "https://pkgs.dev.azure.com/AzureDevOps-BNE/_packaging/BNE/npm/registry/lodash/-/lodash-4.17.21.tgz",
      "integrity": "sha1-Z5WRxWTDv/quhFTPCz3zcMPWkRw="
    },
    "minimist": {
      "version": "1.2.8",
      "resolved": "https://pkgs.dev.azure.com/AzureDevOps-BNE/_packaging/BNE/npm/registry/minimist/-/minimist-1.2.8.tgz",
      "integrity": "sha1-waRk52kzAuCCoHXO4MBXdBrEdyw="
    },
    "ms": {
      "version": "2.1.2",
      "resolved": "https://pkgs.dev.azure.com/AzureDevOps-BNE/_packaging/BNE/npm/registry/ms/-/ms-2.1.2.tgz",
      "integrity": "sha1-0J0fNXtEP0kzgqjrPM0YOHKuYAk="
    },
    "packet-reader": {
      "version": "1.0.0",
      "resolved": "https://pkgs.dev.azure.com/AzureDevOps-BNE/_packaging/BNE/npm/registry/packet-reader/-/packet-reader-1.0.0.tgz",
      "integrity": "sha1-kjjlSA3tq6z+H+PydxBj8WQVfXQ="
    },
    "path-parse": {
      "version": "1.0.7",
      "resolved": "https://pkgs.dev.azure.com/AzureDevOps-BNE/_packaging/BNE/npm/registry/path-parse/-/path-parse-1.0.7.tgz",
      "integrity": "sha1-+8EUtgykKzDZ2vWFjkvWi77bZzU="
    },
    "pg": {
      "version": "8.11.1",
      "resolved": "https://pkgs.dev.azure.com/AzureDevOps-BNE/_packaging/BNE/npm/registry/pg/-/pg-8.11.1.tgz",
      "integrity": "sha1-KX4OskAwax6eT1Wvijuudq5IELE=",
      "requires": {
        "buffer-writer": "2.0.0",
        "packet-reader": "1.0.0",
        "pg-cloudflare": "^1.1.1",
        "pg-connection-string": "^2.6.1",
        "pg-pool": "^3.6.1",
        "pg-protocol": "^1.6.0",
        "pg-types": "^2.1.0",
        "pgpass": "1.x"
      }
    },
    "pg-cloudflare": {
      "version": "1.1.1",
      "resolved": "https://pkgs.dev.azure.com/AzureDevOps-BNE/_packaging/BNE/npm/registry/pg-cloudflare/-/pg-cloudflare-1.1.1.tgz",
      "integrity": "sha1-5tWDMBWxcOI66Bnoxdfq7bRyypg=",
      "optional": true
    },
    "pg-connection-string": {
      "version": "2.6.1",
      "resolved": "https://pkgs.dev.azure.com/AzureDevOps-BNE/_packaging/BNE/npm/registry/pg-connection-string/-/pg-connection-string-2.6.1.tgz",
      "integrity": "sha1-eMI8IaNd0Rb0jhLiPAll6Nniy/s="
    },
    "pg-int8": {
      "version": "1.0.1",
      "resolved": "https://pkgs.dev.azure.com/AzureDevOps-BNE/_packaging/BNE/npm/registry/pg-int8/-/pg-int8-1.0.1.tgz",
      "integrity": "sha1-lDvUY79bcbQXARX4D478mgwOt4w="
    },
    "pg-pool": {
      "version": "3.6.1",
      "resolved": "https://pkgs.dev.azure.com/AzureDevOps-BNE/_packaging/BNE/npm/registry/pg-pool/-/pg-pool-3.6.1.tgz",
      "integrity": "sha1-WpAu2nmo1+PJKLd6v3drPLfTUfc="
    },
    "pg-protocol": {
      "version": "1.6.0",
      "resolved": "https://pkgs.dev.azure.com/AzureDevOps-BNE/_packaging/BNE/npm/registry/pg-protocol/-/pg-protocol-1.6.0.tgz",
      "integrity": "sha1-TJFhPAMVNJNjryCEYI24Q1AviDM="
    },
    "pg-types": {
      "version": "2.2.0",
      "resolved": "https://pkgs.dev.azure.com/AzureDevOps-BNE/_packaging/BNE/npm/registry/pg-types/-/pg-types-2.2.0.tgz",
      "integrity": "sha1-LQJQ1jZFT3z6O2rgOC/fqAYyVKM=",
      "requires": {
        "pg-int8": "1.0.1",
        "postgres-array": "~2.0.0",
        "postgres-bytea": "~1.0.0",
        "postgres-date": "~1.0.4",
        "postgres-interval": "^1.1.0"
      }
    },
    "pgpass": {
      "version": "1.0.5",
      "resolved": "https://pkgs.dev.azure.com/AzureDevOps-BNE/_packaging/BNE/npm/registry/pgpass/-/pgpass-1.0.5.tgz",
      "integrity": "sha1-m4c+SlZLsQ+np9vVUxJyjUIqIj0=",
      "requires": {
        "split2": "^4.1.0"
      }
    },
    "postgres-array": {
      "version": "2.0.0",
      "resolved": "https://pkgs.dev.azure.com/AzureDevOps-BNE/_packaging/BNE/npm/registry/postgres-array/-/postgres-array-2.0.0.tgz",
      "integrity": "sha1-SPj84FT7xpZxmZMpuINLdyZS2C4="
    },
    "postgres-bytea": {
      "version": "1.0.0",
      "resolved": "https://pkgs.dev.azure.com/AzureDevOps-BNE/_packaging/BNE/npm/registry/postgres-bytea/-/postgres-bytea-1.0.0.tgz",
      "integrity": "sha1-AntTPAqokOJtFy1Hz5zOzFIazTU="
    },
    "postgres-date": {
      "version": "1.0.7",
      "resolved": "https://pkgs.dev.azure.com/AzureDevOps-BNE/_packaging/BNE/npm/registry/postgres-date/-/postgres-date-1.0.7.tgz",
      "integrity": "sha1-UbwIYAYAXlBhxZHO5yfyUxv2Qag="
    },
    "postgres-interval": {
      "version": "1.2.0",
      "resolved": "https://pkgs.dev.azure.com/AzureDevOps-BNE/_packaging/BNE/npm/registry/postgres-interval/-/postgres-interval-1.2.0.tgz",
      "integrity": "sha1-tGDILLFYdQd4iBmgaqD//bNURpU=",
      "requires": {
        "xtend": "^4.0.0"
      }
    },
    "rechoir": {
      "version": "0.8.0",
      "resolved": "https://pkgs.dev.azure.com/AzureDevOps-BNE/_packaging/BNE/npm/registry/rechoir/-/rechoir-0.8.0.tgz",
      "integrity": "sha1-Sfhm4NMhRhQto62PDv81KzIV/yI=",
      "requires": {
        "resolve": "^1.20.0"
      }
    },
    "resolve": {
      "version": "1.22.2",
      "resolved": "https://pkgs.dev.azure.com/AzureDevOps-BNE/_packaging/BNE/npm/registry/resolve/-/resolve-1.22.2.tgz",
      "integrity": "sha1-DtCUPU4wGGeVV2bJ8+GubQHGhF8=",
      "requires": {
        "is-core-module": "^2.11.0",
        "path-parse": "^1.0.7",
        "supports-preserve-symlinks-flag": "^1.0.0"
      }
    },
    "resolve-from": {
      "version": "5.0.0",
      "resolved": "https://pkgs.dev.azure.com/AzureDevOps-BNE/_packaging/BNE/npm/registry/resolve-from/-/resolve-from-5.0.0.tgz",
      "integrity": "sha1-w1IlhD3493bfIcV1V7wIfp39/Gk="
    },
    "split2": {
      "version": "4.2.0",
      "resolved": "https://pkgs.dev.azure.com/AzureDevOps-BNE/_packaging/BNE/npm/registry/split2/-/split2-4.2.0.tgz",
      "integrity": "sha1-ycWSCQTRSLqwufZxRfJFqGqtv6Q="
    },
    "supports-preserve-symlinks-flag": {
      "version": "1.0.0",
      "resolved": "https://pkgs.dev.azure.com/AzureDevOps-BNE/_packaging/BNE/npm/registry/supports-preserve-symlinks-flag/-/supports-preserve-symlinks-flag-1.0.0.tgz",
      "integrity": "sha1-btpL00SjyUrqN21MwxvHcxEDngk="
    },
    "tarn": {
      "version": "3.0.2",
      "resolved": "https://pkgs.dev.azure.com/AzureDevOps-BNE/_packaging/BNE/npm/registry/tarn/-/tarn-3.0.2.tgz",
      "integrity": "sha1-c7YUD7uIG3FVnE+L/ePZpLPSdpM="
    },
    "tildify": {
      "version": "2.0.0",
      "resolved": "https://pkgs.dev.azure.com/AzureDevOps-BNE/_packaging/BNE/npm/registry/tildify/-/tildify-2.0.0.tgz",
      "integrity": "sha1-8gXzZ01nfOaYtwZ6melJzgO0dUo="
    },
    "xtend": {
      "version": "4.0.2",
      "resolved": "https://pkgs.dev.azure.com/AzureDevOps-BNE/_packaging/BNE/npm/registry/xtend/-/xtend-4.0.2.tgz",
      "integrity": "sha1-u3J3n1+kZRhrH0OPZ0+jR/2121Q="
    }
  }
}
